{
  "name": "client-js-node-typescript",
  "lockfileVersion": 2,
  "requires": true,
  "packages": {
    "": {
      "dependencies": {
        "@placekit/client-js": "^1.0.0",
        "dotenv": "^16.1.4"
      },
      "devDependencies": {
        "typescript": "^5.1.3"
      }
    },
    "node_modules/@placekit/client-js": {
      "version": "1.0.0",
      "resolved": "https://registry.npmjs.org/@placekit/client-js/-/client-js-1.0.0.tgz",
      "integrity": "sha512-dexlsVUJi/4e+zRON2vZYLufT3kIyWe+IgQXd6Nu6y6KuldrAycwir/1AGk2cZliSRgiox+0P5Xx96EIVlxxKA=="
    },
    "node_modules/dotenv": {
      "version": "16.1.4",
      "resolved": "https://registry.npmjs.org/dotenv/-/dotenv-16.1.4.tgz",
      "integrity": "sha512-m55RtE8AsPeJBpOIFKihEmqUcoVncQIwo7x9U8ZwLEZw9ZpXboz2c+rvog+jUaJvVrZ5kBOeYQBX5+8Aa/OZQw==",
      "engines": {
        "node": ">=12"
      },
      "funding": {
        "url": "https://github.com/motdotla/dotenv?sponsor=1"
      }
    },
    "node_modules/typescript": {
      "version": "5.1.3",
      "resolved": "https://registry.npmjs.org/typescript/-/typescript-5.1.3.tgz",
      "integrity": "sha512-XH627E9vkeqhlZFQuL+UsyAXEnibT0kWR2FWONlr4sTjvxyJYnyefgrkyECLzM5NenmKzRAy2rR/OlYLA1HkZw==",
      "dev": true,
      "bin": {
        "tsc": "bin/tsc",
        "tsserver": "bin/tsserver"
      },
      "engines": {
        "node": ">=14.17"
      }
    }
  },
  "dependencies": {
    "@placekit/client-js": {
      "version": "1.0.0",
      "resolved": "https://registry.npmjs.org/@placekit/client-js/-/client-js-1.0.0.tgz",
      "integrity": "sha512-dexlsVUJi/4e+zRON2vZYLufT3kIyWe+IgQXd6Nu6y6KuldrAycwir/1AGk2cZliSRgiox+0P5Xx96EIVlxxKA=="
    },
    "dotenv": {
      "version": "16.1.4",
      "resolved": "https://registry.npmjs.org/dotenv/-/dotenv-16.1.4.tgz",
      "integrity": "sha512-m55RtE8AsPeJBpOIFKihEmqUcoVncQIwo7x9U8ZwLEZw9ZpXboz2c+rvog+jUaJvVrZ5kBOeYQBX5+8Aa/OZQw=="
    },
    "typescript": {
      "version": "5.1.3",
      "resolved": "https://registry.npmjs.org/typescript/-/typescript-5.1.3.tgz",
      "integrity": "sha512-XH627E9vkeqhlZFQuL+UsyAXEnibT0kWR2FWONlr4sTjvxyJYnyefgrkyECLzM5NenmKzRAy2rR/OlYLA1HkZw==",
      "dev": true
    }
  }
}
