{
  "name": "client-js-node",
  "lockfileVersion": 2,
  "requires": true,
  "packages": {
    "": {
      "dependencies": {
        "@placekit/client-js": "^1.0.0",
        "dotenv": "^16.0.1"
      }
    },
    "node_modules/@placekit/client-js": {
      "version": "1.0.0",
      "resolved": "https://registry.npmjs.org/@placekit/client-js/-/client-js-1.0.0.tgz",
      "integrity": "sha512-dexlsVUJi/4e+zRON2vZYLufT3kIyWe+IgQXd6Nu6y6KuldrAycwir/1AGk2cZliSRgiox+0P5Xx96EIVlxxKA=="
    },
    "node_modules/dotenv": {
      "version": "16.0.3",
      "resolved": "https://registry.npmjs.org/dotenv/-/dotenv-16.0.3.tgz",
      "integrity": "sha512-7GO6HghkA5fYG9TYnNxi14/7K9f5occMlp3zXAuSxn7CKCxt9xbNWG7yF8hTCSUchlfWSe3uLmlPfigevRItzQ==",
      "engines": {
        "node": ">=12"
      }
    }
  },
  "dependencies": {
    "@placekit/client-js": {
      "version": "1.0.0",
      "resolved": "https://registry.npmjs.org/@placekit/client-js/-/client-js-1.0.0.tgz",
      "integrity": "sha512-dexlsVUJi/4e+zRON2vZYLufT3kIyWe+IgQXd6Nu6y6KuldrAycwir/1AGk2cZliSRgiox+0P5Xx96EIVlxxKA=="
    },
    "dotenv": {
      "version": "16.0.3",
      "resolved": "https://registry.npmjs.org/dotenv/-/dotenv-16.0.3.tgz",
      "integrity": "sha512-7GO6HghkA5fYG9TYnNxi14/7K9f5occMlp3zXAuSxn7CKCxt9xbNWG7yF8hTCSUchlfWSe3uLmlPfigevRItzQ=="
    }
  }
}
